
Microsoft Visual Studio Solution File, Format Version 12.00
# Visual Studio Version 17
VisualStudioVersion = 17.2.32602.215
MinimumVisualStudioVersion = 10.0.40219.1
Project("{9A19103F-16F7-4668-BE54-9A1E7A4F7556}") = "RobotClassLibrary", "RobotClassLibrary\RobotClassLibrary.csproj", "{042F4BC3-31B7-47B4-A715-2CB6B61D471A}"
EndProject
Project("{9A19103F-16F7-4668-BE54-9A1E7A4F7556}") = "RobotConsole", "RobotConsole\RobotConsole.csproj", "{347B8D6F-6977-459A-A05A-8DBA1E758C11}"
EndProject
Project("{9A19103F-16F7-4668-BE54-9A1E7A4F7556}") = "RobotClassLibraryTests", "RobotClassLibraryTests\RobotClassLibraryTests.csproj", "{BB1B57A5-F204-47A8-9585-029F9E313222}"
EndProject
Global
	GlobalSection(SolutionConfigurationPlatforms) = preSolution
		Debug|Any CPU = Debug|Any CPU
		Release|Any CPU = Release|Any CPU
	EndGlobalSection
	GlobalSection(ProjectConfigurationPlatforms) = postSolution
		{042F4BC3-31B7-47B4-A715-2CB6B61D471A}.Debug|Any CPU.ActiveCfg = Debug|Any CPU
		{042F4BC3-31B7-47B4-A715-2CB6B61D471A}.Debug|Any CPU.Build.0 = Debug|Any CPU
		{042F4BC3-31B7-47B4-A715-2CB6B61D471A}.Release|Any CPU.ActiveCfg = Release|Any CPU
		{042F4BC3-31B7-47B4-A715-2CB6B61D471A}.Release|Any CPU.Build.0 = Release|Any CPU
		{347B8D6F-6977-459A-A05A-8DBA1E758C11}.Debug|Any CPU.ActiveCfg = Debug|Any CPU
		{347B8D6F-6977-459A-A05A-8DBA1E758C11}.Debug|Any CPU.Build.0 = Debug|Any CPU
		{347B8D6F-6977-459A-A05A-8DBA1E758C11}.Release|Any CPU.ActiveCfg = Release|Any CPU
		{347B8D6F-6977-459A-A05A-8DBA1E758C11}.Release|Any CPU.Build.0 = Release|Any CPU
		{BB1B57A5-F204-47A8-9585-029F9E313222}.Debug|Any CPU.ActiveCfg = Debug|Any CPU
		{BB1B57A5-F204-47A8-9585-029F9E313222}.Debug|Any CPU.Build.0 = Debug|Any CPU
		{BB1B57A5-F204-47A8-9585-029F9E313222}.Release|Any CPU.ActiveCfg = Release|Any CPU
		{BB1B57A5-F204-47A8-9585-029F9E313222}.Release|Any CPU.Build.0 = Release|Any CPU
	EndGlobalSection
	GlobalSection(SolutionProperties) = preSolution
		HideSolutionNode = FALSE
	EndGlobalSection
	GlobalSection(ExtensibilityGlobals) = postSolution
		SolutionGuid = {ECB6FEB4-FB45-4D60-A6BE-B3B729846615}
	EndGlobalSection
EndGlobal
